# THIS IS AN AUTOGENERATED FILE. DO NOT EDIT THIS FILE DIRECTLY.
# yarn lockfile v1


"@babel/runtime@^7.0.0", "@babel/runtime@^7.3.1":
  version "7.12.5"
  resolved "https://registry.yarnpkg.com/@babel/runtime/-/runtime-7.12.5.tgz#410e7e487441e1b360c29be715d870d9b985882e"
  integrity sha512-plcc+hbExy3McchJCEQG3knOsuh3HH+Prx1P6cLIkET/0dLuQDEnrT+s27Axgc9bqfsmNUNHfscgMUdBpC9xfg==
  dependencies:
    regenerator-runtime "^0.13.4"

"@deck.gl/aggregation-layers@8.3.6":
  version "8.3.6"
  resolved "https://registry.yarnpkg.com/@deck.gl/aggregation-layers/-/aggregation-layers-8.3.6.tgz#d68f8bb6aa7950f3d23942c6fcec4be5c6ddcad5"
  integrity sha512-aj8CkFfCTfqdUd6VRZKQ4/langmUm5Q7/OCnUYt+a8Flm1hLsflKHSxcIJupsV/4dg8gfyWZqf+/wzd9PkeGVQ==
  dependencies:
    "@luma.gl/shadertools" "^8.3.1"
    "@math.gl/web-mercator" "^3.3.0"
    d3-hexbin "^0.2.1"

"@deck.gl/carto@8.3.6":
  version "8.3.6"
  resolved "https://registry.yarnpkg.com/@deck.gl/carto/-/carto-8.3.6.tgz#42be99b430eb96be3a74da634ce0e4a28c3af238"
  integrity sha512-oQsj4qEFiaDX0N7G/VspdX9UDVPzysEiFXYty4oEk4Yx9flr+QoEJ1sCGZqOV7Wz+dk641U3flxx330JYd5wnA==
  dependencies:
    "@loaders.gl/loader-utils" "^2.3.0"
    "@loaders.gl/mvt" "^2.3.0"
    "@loaders.gl/tiles" "^2.3.0"
    "@math.gl/web-mercator" "^3.3.0"

"@deck.gl/core@8.3.6":
  version "8.3.6"
  resolved "https://registry.yarnpkg.com/@deck.gl/core/-/core-8.3.6.tgz#d10a24a8c71c6dc1ed19ad389b6995ce3f0299a5"
  integrity sha512-0BD7MJM/LkttW95WXn6DPF55CHcreRCLkkZvs9W1irKugRgs+3onWT2Whwbtmb4uhKgMrpNqNrFXbW8PnjVAZg==
  dependencies:
    "@loaders.gl/core" "^2.3.0"
    "@loaders.gl/images" "^2.3.0"
    "@luma.gl/core" "^8.3.1"
    "@math.gl/web-mercator" "^3.3.0"
    gl-matrix "^3.0.0"
    math.gl "^3.3.0"
    mjolnir.js "^2.3.0"
    probe.gl "^3.2.1"

"@deck.gl/extensions@8.3.6":
  version "8.3.6"
  resolved "https://registry.yarnpkg.com/@deck.gl/extensions/-/extensions-8.3.6.tgz#ecc86888c2a69695293c3b64196cc2d6e863f001"
  integrity sha512-LBqp3ygTeODG0xRLDRUrrI4UpTliT/Zo/D1BVJ5B4zbg6O3XXe2lgpZlCo+JCJ0KgkkSWAtsgOJm91quRVCgPw==
  dependencies:
    "@luma.gl/shadertools" "^8.3.1"

"@deck.gl/geo-layers@8.3.6":
  version "8.3.6"
  resolved "https://registry.yarnpkg.com/@deck.gl/geo-layers/-/geo-layers-8.3.6.tgz#beaba5e1543986bf46a72ca28785415f971ad8ba"
  integrity sha512-Api1ZZRYhwMYfgxIZYx77Mc7fJo/Y7ylBmFld3g0x/2qW17x4w6WVRpTEGWn3HWaQE2tTnrW1iFFP2YSmAAFjg==
  dependencies:
    "@loaders.gl/3d-tiles" "^2.3.0"
    "@loaders.gl/loader-utils" "^2.3.0"
    "@loaders.gl/mvt" "^2.3.0"
    "@loaders.gl/terrain" "^2.3.0"
    "@loaders.gl/tiles" "^2.3.0"
    "@math.gl/culling" "^3.3.0"
    "@math.gl/web-mercator" "^3.3.0"
    h3-js "^3.6.0"
    long "^3.2.0"
    math.gl "^3.3.0"

"@deck.gl/google-maps@8.3.6":
  version "8.3.6"
  resolved "https://registry.yarnpkg.com/@deck.gl/google-maps/-/google-maps-8.3.6.tgz#de10e51e25139cba289ec1fe789e6ae6df965ecc"
  integrity sha512-M+d7KBPhAzrNHrLbHbUy7wwJrTgkueQr0VctHdPUPZM2J8IxOO3sQkcmn82+/4uLLxLfHvExOGkXoKfVSdMBdg==

"@deck.gl/json@8.3.6":
  version "8.3.6"
  resolved "https://registry.yarnpkg.com/@deck.gl/json/-/json-8.3.6.tgz#be093e7351af462d1cd6d0f7c2fdc31f75043a2e"
  integrity sha512-u13ZDtrBH5glUDYZEZ9PKfCWwob7gF6bNt/6RE1+ElirEibl25u2OzQgq40zWEK4k4Fj1um7DIsiShTDdZ4sDw==
  dependencies:
    d3-dsv "^1.0.8"
    expression-eval "^2.0.0"

"@deck.gl/layers@8.3.6":
  version "8.3.6"
  resolved "https://registry.yarnpkg.com/@deck.gl/layers/-/layers-8.3.6.tgz#380ee551e2d2a80de1ae005c3922c00e98cfcc47"
  integrity sha512-YyQs5ldf82iDVLGJhUn7J+BQmZgeFyfas9y0XmaWDzCBMDXugqP0DyvBUbRvataMfxP4H4d9cewC/8/gDATl8A==
  dependencies:
    "@loaders.gl/images" "^2.3.0"
    "@mapbox/tiny-sdf" "^1.1.0"
    "@math.gl/polygon" "^3.3.0"
    earcut "^2.0.6"

"@deck.gl/mapbox@8.3.6":
  version "8.3.6"
  resolved "https://registry.yarnpkg.com/@deck.gl/mapbox/-/mapbox-8.3.6.tgz#778eac739e5f6eb7667482a77df59d050e963f96"
  integrity sha512-qPvy1P6+6QrQKp7RbE65iaI5PxxkmQsjo6eHZcRLF/4qtDm+9LGtt3DqUOlFBSCa7yPE/ZfxfP6v81MQVeUzBA==

"@deck.gl/mesh-layers@8.3.6":
  version "8.3.6"
  resolved "https://registry.yarnpkg.com/@deck.gl/mesh-layers/-/mesh-layers-8.3.6.tgz#49e79b1f0544ef23f3d426223c4057eb8c4cebdd"
  integrity sha512-Wn6SHTbjHuYuAAcRpzAF3Im3mWlkJKCPH6HChDUc0cVrPYCJF9x5zEWbcqQ2aoJux/Rzx1OiUQFBRdEhv7XAsw==
  dependencies:
    "@luma.gl/experimental" "^8.3.1"
    "@luma.gl/shadertools" "^8.3.1"

"@deck.gl/react@8.3.6":
  version "8.3.6"
  resolved "https://registry.yarnpkg.com/@deck.gl/react/-/react-8.3.6.tgz#0dcca71d5b3eb1a0aee41b4d393d00427eaa6e6e"
  integrity sha512-qqP2PQUJaTedJ0O9WUYuidz9hUdbHUnF4CORtwG9/FGC5cQDGRAUgWhBtZqsdZWOo/kFuhKRIq2sVUZjJEyjYg==
  dependencies:
    prop-types "^15.6.0"

"@loaders.gl/3d-tiles@^2.3.0":
  version "2.3.1"
  resolved "https://registry.yarnpkg.com/@loaders.gl/3d-tiles/-/3d-tiles-2.3.1.tgz#480dfb325be591ade22abe0719f2226854c478a4"
  integrity sha512-jifpt+a2yJyPXhJl7dXf0iWC5M+YVmmHEWvgj7iNUstFgBEp2HBTbxH2Le9PJaTxkIG/GcPv+hCTCCyg8AqYtA==
  dependencies:
    "@loaders.gl/core" "2.3.1"
    "@loaders.gl/draco" "2.3.1"
    "@loaders.gl/gltf" "2.3.1"
    "@loaders.gl/loader-utils" "2.3.1"
    "@loaders.gl/math" "2.3.1"
    "@loaders.gl/tiles" "2.3.1"
    "@math.gl/core" "^3.3.0"
    "@math.gl/geospatial" "^3.3.0"
    "@probe.gl/stats" "^3.3.0"

"@loaders.gl/core@2.3.1", "@loaders.gl/core@^2.3.0":
  version "2.3.1"
  resolved "https://registry.yarnpkg.com/@loaders.gl/core/-/core-2.3.1.tgz#147037e17b014528dce00187aac0ec6ccb05938b"
  integrity sha512-6d5VRx+C16NOZxanGx18vfT576m909/3ljyE6pXw/1UJRuF14ypapGrIrYWXF/V2lOZ4jrGvVRlGBDFQqMI7rQ==
  dependencies:
    "@babel/runtime" "^7.3.1"
    "@loaders.gl/loader-utils" "2.3.1"

"@loaders.gl/draco@2.3.1":
  version "2.3.1"
  resolved "https://registry.yarnpkg.com/@loaders.gl/draco/-/draco-2.3.1.tgz#aa6084f362b5a45f02114b131ed47186841f3379"
  integrity sha512-3xAxJ6JxqPFMmDrZTG5pNqR46xDpbxUCXqDIrCfa/RaJ5tF9j92O8pl/ULuMOwLiGqnST9aPiXLjmXejojV8oQ==
  dependencies:
    "@babel/runtime" "^7.3.1"
    "@loaders.gl/loader-utils" "2.3.1"
    draco3d "^1.3.6"

"@loaders.gl/gis@2.3.1":
  version "2.3.1"
  resolved "https://registry.yarnpkg.com/@loaders.gl/gis/-/gis-2.3.1.tgz#f867dbd32e1287b81da888f5dca6c4fe5c1d2c64"
  integrity sha512-nYaeQPAQ/juyhcFsqtxdYN3z39cpCu9kuQgIENeNu3AULcIRRf0w5qNlmgJow52XNHCWLE3uFxNCtiqtBI1RRg==
  dependencies:
    "@loaders.gl/loader-utils" "2.3.1"
    "@mapbox/vector-tile" "^1.3.1"
    pbf "^3.2.1"

"@loaders.gl/gltf@2.3.1":
  version "2.3.1"
  resolved "https://registry.yarnpkg.com/@loaders.gl/gltf/-/gltf-2.3.1.tgz#e9621636ecce67638110d4b4d620b7785c184e0f"
  integrity sha512-i1KU0LycC3TKHlB05e3uocT+M0hNx+dXJ8LEfVNynluvp937oQXyo2+Af87YMgjRC+gHKx2jXOVzl+YlrMuUQQ==
  dependencies:
    "@loaders.gl/core" "2.3.1"
    "@loaders.gl/draco" "2.3.1"
    "@loaders.gl/images" "2.3.1"
    "@loaders.gl/loader-utils" "2.3.1"

"@loaders.gl/images@2.3.1", "@loaders.gl/images@^2.3.0":
  version "2.3.1"
  resolved "https://registry.yarnpkg.com/@loaders.gl/images/-/images-2.3.1.tgz#a09a025208e169013183dddfc3acf12c901619f5"
  integrity sha512-hhRLPXeQu+vEySH02Q21GvYVYXQhVjlxHlMxVrOas1NcDt0utrtmYFaSdPRBzHnuV6yIroJ1DzKGfU9UbEquvQ==
  dependencies:
    "@loaders.gl/loader-utils" "2.3.1"

"@loaders.gl/loader-utils@2.3.1", "@loaders.gl/loader-utils@^2.3.0":
  version "2.3.1"
  resolved "https://registry.yarnpkg.com/@loaders.gl/loader-utils/-/loader-utils-2.3.1.tgz#ccf0d99541c8d3cb8dc123d2f8ca8480b9b93b8b"
  integrity sha512-8h0k96Hxxao+hWZNNtd+9PbiK+5epufKoG8IoEddbFeDhlp7wvwRmi0uYf2Qxkn40Vlq23STmbE0CBI0no3pUQ==
  dependencies:
    "@babel/runtime" "^7.3.1"
    "@probe.gl/stats" "^3.3.0"

"@loaders.gl/math@2.3.1":
  version "2.3.1"
  resolved "https://registry.yarnpkg.com/@loaders.gl/math/-/math-2.3.1.tgz#c9ba97b8a14bd4b81bfa71e0ddbb100c73bf596a"
  integrity sha512-J8y7esll8ihmWiGyJt5sxiPw48H0tXSzaEUxnqSSnaOURW4hmTXf7+sjFOsBJplfYzGyl5hdhsFmsUd3neoYcQ==
  dependencies:
    "@loaders.gl/images" "2.3.1"
    "@loaders.gl/loader-utils" "2.3.1"
    "@math.gl/core" "^3.3.0"

"@loaders.gl/mvt@^2.3.0":
  version "2.3.1"
  resolved "https://registry.yarnpkg.com/@loaders.gl/mvt/-/mvt-2.3.1.tgz#dde2b4bd8443a1895677398421f7a5eb698c134b"
  integrity sha512-R564gAz1uFsuZtf3WZ1jXIE/92xmZBpCfUJZZS94mJjG+DuZSEqWi10jrNOdldTyNXWPRXFW82y3ABF2pqgAUQ==
  dependencies:
    "@loaders.gl/gis" "2.3.1"
    "@loaders.gl/loader-utils" "2.3.1"
    "@mapbox/point-geometry" "~0.1.0"
    "@mapbox/vector-tile" "^1.3.1"
    pbf "^3.2.1"

"@loaders.gl/terrain@^2.3.0":
  version "2.3.1"
  resolved "https://registry.yarnpkg.com/@loaders.gl/terrain/-/terrain-2.3.1.tgz#d32a0e2022a004aed4b1bf26e85ec762c90082a2"
  integrity sha512-mN+Xfvm7VAulH0rdHbudek6QYDu4idjHxcqeN6wjCbzXrgcI4Y6d8AXN7BTfG+cjz+18E1DP9qNhojoVl8NeNQ==
  dependencies:
    "@babel/runtime" "^7.3.1"
    "@loaders.gl/loader-utils" "2.3.1"
    "@mapbox/martini" "^0.2.0"

"@loaders.gl/tiles@2.3.1", "@loaders.gl/tiles@^2.3.0":
  version "2.3.1"
  resolved "https://registry.yarnpkg.com/@loaders.gl/tiles/-/tiles-2.3.1.tgz#63841f643b81241e66668d5f0f9c085fb98c3286"
  integrity sha512-Wbu03PB8z0l+VY0dIsq0mwAkQuXHNBaIPT9Cg89Q1SWFoCyWYkBilSYmV5eUX1kFLF8PZ9nXviLgq6RrPLlDEQ==
  dependencies:
    "@loaders.gl/core" "2.3.1"
    "@loaders.gl/loader-utils" "2.3.1"
    "@loaders.gl/math" "2.3.1"
    "@math.gl/core" "^3.3.0"
    "@math.gl/culling" "^3.3.0"
    "@math.gl/geospatial" "^3.3.0"
    "@math.gl/web-mercator" "^3.3.0"
    "@probe.gl/stats" "^3.3.0"

"@luma.gl/constants@8.3.1":
  version "8.3.1"
  resolved "https://registry.yarnpkg.com/@luma.gl/constants/-/constants-8.3.1.tgz#67a2ea0b8f512570b1627de8f05c5bdc651252d9"
  integrity sha512-3b2RScz7TSwsrHjRx1iYvyn46fKXtR/mOSyFOPiRx+15FOLBdkYL2DPpaJAZ5fU9Rx7ToazJiWW1Mzgn6z2d0A==

"@luma.gl/core@^8.3.1":
  version "8.3.1"
  resolved "https://registry.yarnpkg.com/@luma.gl/core/-/core-8.3.1.tgz#c35fd365d05efc31ab91ae7cdbc36efccbcb47ab"
  integrity sha512-QMVxS83HQpVQ8D/74/A20fl1Wz7qLuV5bQuVZhvQ6bkHb8A6gAZMWr4Y2gpWNJTStWJuDkzAL8pB3us1jWCg2Q==
  dependencies:
    "@babel/runtime" "^7.0.0"
    "@luma.gl/constants" "8.3.1"
    "@luma.gl/engine" "8.3.1"
    "@luma.gl/shadertools" "8.3.1"
    "@luma.gl/webgl" "8.3.1"

"@luma.gl/engine@8.3.1":
  version "8.3.1"
  resolved "https://registry.yarnpkg.com/@luma.gl/engine/-/engine-8.3.1.tgz#dc089a7739f1f04af0a5a12c2ba51a6f782d60fe"
  integrity sha512-oE7sNmSihLeMCCrGYx6hv3g1GZAcNUbL8XKAQQNxs7Bo4abGIURuHFEc9mpT90YtEtkQcg2OewykeZT9jD9mIg==
  dependencies:
    "@babel/runtime" "^7.0.0"
    "@luma.gl/constants" "8.3.1"
    "@luma.gl/gltools" "8.3.1"
    "@luma.gl/shadertools" "8.3.1"
    "@luma.gl/webgl" "8.3.1"
    math.gl "^3.3.0"
    probe.gl "^3.2.1"

"@luma.gl/experimental@^8.3.1":
  version "8.3.1"
  resolved "https://registry.yarnpkg.com/@luma.gl/experimental/-/experimental-8.3.1.tgz#d5dfca48787f25d94d47a717051a6301763a400a"
  integrity sha512-yN6UYqQ8bi6dCxjsoDIkDP3v7ul6W8K9vseq6wT73Qjn/+4vUDxe/yHgMmRXxik/CJDEWxb3RJhU6ZNf7uSLmA==
  dependencies:
    "@luma.gl/constants" "8.3.1"
    earcut "^2.0.6"
    math.gl "^3.3.0"

"@luma.gl/gltools@8.3.1":
  version "8.3.1"
  resolved "https://registry.yarnpkg.com/@luma.gl/gltools/-/gltools-8.3.1.tgz#4f01fc7f79f3f12bddb994b5d59d4908dd633e91"
  integrity sha512-l/mnVSG5ioW19eZHMJlOD6crR58fwmdLoEKooXhnHiHofZ37h9HNlRlDf0XZIJPe4H4KLUM+Vv9VK0hqRrZHqA==
  dependencies:
    "@babel/runtime" "^7.0.0"
    "@luma.gl/constants" "8.3.1"
    probe.gl "^3.2.1"

"@luma.gl/shadertools@8.3.1", "@luma.gl/shadertools@^8.3.1":
  version "8.3.1"
  resolved "https://registry.yarnpkg.com/@luma.gl/shadertools/-/shadertools-8.3.1.tgz#cd42c4d4f5695e128d5a53d12cc01f7361ddfe93"
  integrity sha512-y9s1R0Uv64QooGKROkNCvPKJd5CJDQ21wxJt5FH/E98F0z4IcJXzKWu1num/XG23eSJyQpIf7qsSqvXDBfm/fA==
  dependencies:
    "@babel/runtime" "^7.0.0"
    math.gl "^3.3.0"

"@luma.gl/webgl@8.3.1":
  version "8.3.1"
  resolved "https://registry.yarnpkg.com/@luma.gl/webgl/-/webgl-8.3.1.tgz#a2c43f92b4930051031089d73cb5854e41ab5a78"
  integrity sha512-lsGo5Pp/hPlKj1emErRAUvOBxztU/goltBh3hfhg7BoKdlEa6EJcfjqX+YkCmfc8bbp7QePM7mj+1ZsrzKhlgg==
  dependencies:
    "@babel/runtime" "^7.0.0"
    "@luma.gl/constants" "8.3.1"
    "@luma.gl/gltools" "8.3.1"
    probe.gl "^3.2.1"

"@mapbox/martini@^0.2.0":
  version "0.2.0"
  resolved "https://registry.yarnpkg.com/@mapbox/martini/-/martini-0.2.0.tgz#1af70211fbe994abf26e37f1388ca69c02cd43b4"
  integrity sha512-7hFhtkb0KTLEls+TRw/rWayq5EeHtTaErgm/NskVoXmtgAQu/9D299aeyj6mzAR/6XUnYRp2lU+4IcrYRFjVsQ==

"@mapbox/point-geometry@~0.1.0":
  version "0.1.0"
  resolved "https://registry.yarnpkg.com/@mapbox/point-geometry/-/point-geometry-0.1.0.tgz#8a83f9335c7860effa2eeeca254332aa0aeed8f2"
  integrity sha1-ioP5M1x4YO/6Lu7KJUMyqgru2PI=

"@mapbox/tiny-sdf@^1.1.0":
  version "1.1.1"
  resolved "https://registry.yarnpkg.com/@mapbox/tiny-sdf/-/tiny-sdf-1.1.1.tgz#16a20c470741bfe9191deb336f46e194da4a91ff"
  integrity sha512-Ihn1nZcGIswJ5XGbgFAvVumOgWpvIjBX9jiRlIl46uQG9vJOF51ViBYHF95rEZupuyQbEmhLaDPLQlU7fUTsBg==

"@mapbox/vector-tile@^1.3.1":
  version "1.3.1"
  resolved "https://registry.yarnpkg.com/@mapbox/vector-tile/-/vector-tile-1.3.1.tgz#d3a74c90402d06e89ec66de49ec817ff53409666"
  integrity sha512-MCEddb8u44/xfQ3oD+Srl/tNcQoqTw3goGk2oLsrFxOTc3dUp+kAnby3PvAeeBYSMSjSPD1nd1AJA6W49WnoUw==
  dependencies:
    "@mapbox/point-geometry" "~0.1.0"

"@math.gl/core@3.3.0", "@math.gl/core@^3.3.0":
  version "3.3.0"
  resolved "https://registry.yarnpkg.com/@math.gl/core/-/core-3.3.0.tgz#5fa6581c8ae8ff7ea7a2c03f5a8b8931879044f9"
  integrity sha512-3ghPZ3YRX+72wNoUEs8npwUcP3kOvaTZrLHxL+tDydvULkLLcOfwPisylNm3yFwRfyn9YownBbxlqa/PsbWPNg==
  dependencies:
    "@babel/runtime" "^7.0.0"
    gl-matrix "^3.0.0"

"@math.gl/culling@^3.3.0":
  version "3.3.0"
  resolved "https://registry.yarnpkg.com/@math.gl/culling/-/culling-3.3.0.tgz#48c9c059711796c7720be7c905657902362e6358"
  integrity sha512-STNAH/pl3f4b/J45QHMGI8eLRXsUr3Q/GfMMGzi7zAd5uljSWiQ42m3QvQBVyrsC/IjIhTCBDFeHHPWhCclIXg==
  dependencies:
    "@babel/runtime" "^7.0.0"
    "@math.gl/core" "3.3.0"
    gl-matrix "^3.0.0"

"@math.gl/geospatial@^3.3.0":
  version "3.3.0"
  resolved "https://registry.yarnpkg.com/@math.gl/geospatial/-/geospatial-3.3.0.tgz#bbe222d6650a262f1cefb1f9796026923f67e8c8"
  integrity sha512-3PIQKBXQHOk8j+c7/BllBPvi8WiphpFJ/aIh2jWzTxNVSCME+yESwfbNVvcUhdQrAyTWYURNPFB26M9HU6FBoQ==
  dependencies:
    "@babel/runtime" "^7.0.0"
    "@math.gl/core" "3.3.0"
    gl-matrix "^3.0.0"

"@math.gl/polygon@^3.3.0":
  version "3.3.0"
  resolved "https://registry.yarnpkg.com/@math.gl/polygon/-/polygon-3.3.0.tgz#b2f3bc2d89055cef5f28a3d59e5d97580407f540"
  integrity sha512-wg7259E1IVOblJy/dsQETv4Ng4Tr3fgnwzIK9oJaYZj8jljVCdub2TfLgcEtfkXF/w1dhiAqA8WYbk32Dfz2uQ==
  dependencies:
    "@math.gl/core" "3.3.0"

"@math.gl/web-mercator@^3.3.0":
  version "3.3.0"
  resolved "https://registry.yarnpkg.com/@math.gl/web-mercator/-/web-mercator-3.3.0.tgz#c2994962b770533a9ba1550fbe129c3a2f10817c"
  integrity sha512-ZVy30WxBhR13yma/CZ93fpdfO7FCC1dIhxE3L/1PmkzVgVk/NmA0L//u8Y8QoEV3D6YC1TyeXmWBNONRNxcIkw==
  dependencies:
    "@babel/runtime" "^7.0.0"
    gl-matrix "^3.0.0"

"@probe.gl/stats@3.3.0", "@probe.gl/stats@^3.3.0":
  version "3.3.0"
  resolved "https://registry.yarnpkg.com/@probe.gl/stats/-/stats-3.3.0.tgz#66f684ead7cee1f2aad5ee5e9d297e84e08c5536"
  integrity sha512-CV4c3EgallqZTO88u34/u9L5asL0nCVP1BEkb4qcXlh8Qz2Vmygbyjz1ViQsct6rSi2lJ52lo6W0PnlpZJJvcA==
  dependencies:
    "@babel/runtime" "^7.0.0"

commander@2:
  version "2.20.3"
  resolved "https://registry.yarnpkg.com/commander/-/commander-2.20.3.tgz#fd485e84c03eb4881c20722ba48035e8531aeb33"
  integrity sha512-GpVkmM8vF2vQUkj2LvZmD35JxeJOLCwJ9cUkugyk2nuhbv3+mJvpLYYt+0+USMxE+oj+ey/lJEnhZw75x/OMcQ==

d3-dsv@^1.0.8:
  version "1.2.0"
  resolved "https://registry.yarnpkg.com/d3-dsv/-/d3-dsv-1.2.0.tgz#9d5f75c3a5f8abd611f74d3f5847b0d4338b885c"
  integrity sha512-9yVlqvZcSOMhCYzniHE7EVUws7Fa1zgw+/EAV2BxJoG3ME19V6BQFBwI855XQDsxyOuG7NibqRMTtiF/Qup46g==
  dependencies:
    commander "2"
    iconv-lite "0.4"
    rw "1"

d3-hexbin@^0.2.1:
  version "0.2.2"
  resolved "https://registry.yarnpkg.com/d3-hexbin/-/d3-hexbin-0.2.2.tgz#9c5837dacfd471ab05337a9e91ef10bfc4f98831"
  integrity sha1-nFg32s/UcasFM3qeke8Qv8T5iDE=

deck.gl@^8.3.6:
  version "8.3.6"
  resolved "https://registry.yarnpkg.com/deck.gl/-/deck.gl-8.3.6.tgz#20ecbbb3e24b3eac6af102adc0936be974592eba"
  integrity sha512-69dFq+Hk87imtOOmQNLCyMlx8Bae0a6SUnfzedjmZCDCVtYtJVbVCVd7fQhTXttItJRY99vMJC6PVve9fPMqIg==
  dependencies:
    "@deck.gl/aggregation-layers" "8.3.6"
    "@deck.gl/carto" "8.3.6"
    "@deck.gl/core" "8.3.6"
    "@deck.gl/extensions" "8.3.6"
    "@deck.gl/geo-layers" "8.3.6"
    "@deck.gl/google-maps" "8.3.6"
    "@deck.gl/json" "8.3.6"
    "@deck.gl/layers" "8.3.6"
    "@deck.gl/mapbox" "8.3.6"
    "@deck.gl/mesh-layers" "8.3.6"
    "@deck.gl/react" "8.3.6"

draco3d@^1.3.6:
  version "1.3.6"
  resolved "https://registry.yarnpkg.com/draco3d/-/draco3d-1.3.6.tgz#e4d9e7d846637775328c903721c932b953dce331"
  integrity sha512-zZoH5JNcdWDrUb2ks2mbzGDUUPvDaDf1ysTJS2St+3/F/8XcKAX4VKgzPjTP7MfHegHQ7Udv8ovS+R3AgXlH7g==

earcut@^2.0.6:
  version "2.2.2"
  resolved "https://registry.yarnpkg.com/earcut/-/earcut-2.2.2.tgz#41b0bc35f63e0fe80da7cddff28511e7e2e80d11"
  integrity sha512-eZoZPPJcUHnfRZ0PjLvx2qBordSiO8ofC3vt+qACLM95u+4DovnbYNpQtJh0DNsWj8RnxrQytD4WA8gj5cRIaQ==

expression-eval@^2.0.0:
  version "2.1.0"
  resolved "https://registry.yarnpkg.com/expression-eval/-/expression-eval-2.1.0.tgz#422915caa46140a7c5b5f248650dea8bf8236e62"
  integrity sha512-FUJO/Akvl/JOWkvlqZaqbkhsEWlCJWDeZG4tzX96UH68D9FeRgYgtb55C2qtqbORC0Q6x5419EDjWu4IT9kQfg==
  dependencies:
    jsep "^0.3.0"

gl-matrix@^3.0.0:
  version "3.3.0"
  resolved "https://registry.yarnpkg.com/gl-matrix/-/gl-matrix-3.3.0.tgz#232eef60b1c8b30a28cbbe75b2caf6c48fd6358b"
  integrity sha512-COb7LDz+SXaHtl/h4LeaFcNdJdAQSDeVqjiIihSXNrkWObZLhDI4hIkZC11Aeqp7bcE72clzB0BnDXr2SmslRA==

h3-js@^3.6.0:
  version "3.7.0"
  resolved "https://registry.yarnpkg.com/h3-js/-/h3-js-3.7.0.tgz#f0ff5563ae04ce448cbe6b8573d9796a6c97f5ad"
  integrity sha512-EcH/qGU4khZsAEG39Uu8MvaCing0JFcuoe3K4Xmg5MofDIu1cNJl7z2AQS8ggvXGxboiLJqsGirhEqFKdd2gAA==

hammerjs@^2.0.8:
  version "2.0.8"
  resolved "https://registry.yarnpkg.com/hammerjs/-/hammerjs-2.0.8.tgz#04ef77862cff2bb79d30f7692095930222bf60f1"
  integrity sha1-BO93hiz/K7edMPdpIJWTAiK/YPE=

iconv-lite@0.4:
  version "0.4.24"
  resolved "https://registry.yarnpkg.com/iconv-lite/-/iconv-lite-0.4.24.tgz#2022b4b25fbddc21d2f524974a474aafe733908b"
  integrity sha512-v3MXnZAcvnywkTUEZomIActle7RXXeedOR31wwl7VlyoXO4Qi9arvSenNQWne1TcRwhCL1HwLI21bEqdpj8/rA==
  dependencies:
    safer-buffer ">= 2.1.2 < 3"

ieee754@^1.1.12:
  version "1.2.1"
  resolved "https://registry.yarnpkg.com/ieee754/-/ieee754-1.2.1.tgz#8eb7a10a63fff25d15a57b001586d177d1b0d352"
  integrity sha512-dcyqhDvX1C46lXZcVqCpK+FtMRQVdIMN6/Df5js2zouUsqG7I6sFxitIC+7KYK29KdXOLHdu9zL4sFnoVQnqaA==

"js-tokens@^3.0.0 || ^4.0.0":
  version "4.0.0"
  resolved "https://registry.yarnpkg.com/js-tokens/-/js-tokens-4.0.0.tgz#19203fb59991df98e3a287050d4647cdeaf32499"
  integrity sha512-RdJUflcE3cUzKiMqQgsCu06FPu9UdIJO0beYbPhHN4k6apgJtifcoCtT9bcxOpYBtpD2kCM6Sbzg4CausW/PKQ==

jsep@^0.3.0:
  version "0.3.5"
  resolved "https://registry.yarnpkg.com/jsep/-/jsep-0.3.5.tgz#3fd79ebd92f6f434e4857d5272aaeef7d948264d"
  integrity sha512-AoRLBDc6JNnKjNcmonituEABS5bcfqDhQAWWXNTFrqu6nVXBpBAGfcoTGZMFlIrh9FjmE1CQyX9CTNwZrXMMDA==

long@^3.2.0:
  version "3.2.0"
  resolved "https://registry.yarnpkg.com/long/-/long-3.2.0.tgz#d821b7138ca1cb581c172990ef14db200b5c474b"
  integrity sha1-2CG3E4yhy1gcFymQ7xTbIAtcR0s=

loose-envify@^1.4.0:
  version "1.4.0"
  resolved "https://registry.yarnpkg.com/loose-envify/-/loose-envify-1.4.0.tgz#71ee51fa7be4caec1a63839f7e682d8132d30caf"
  integrity sha512-lyuxPGr/Wfhrlem2CL/UcnUc1zcqKAImBDzukY7Y5F/yQiNdko6+fRLevlw1HgMySw7f611UIY408EtxRSoK3Q==
  dependencies:
    js-tokens "^3.0.0 || ^4.0.0"

math.gl@^3.3.0:
  version "3.3.0"
  resolved "https://registry.yarnpkg.com/math.gl/-/math.gl-3.3.0.tgz#9153f22aa8c084c411d38f0e30fe9064a16e3bc3"
  integrity sha512-r9w/0se6iE+AgQfXmEPVa3Vl6B4IxNsVrtIXqi9xgLaX6vpH0vhl0h5+EmBMbZbTGWwaSXakZagAkxXjkgjVKA==
  dependencies:
    "@math.gl/core" "3.3.0"

mjolnir.js@^2.3.0:
  version "2.4.1"
  resolved "https://registry.yarnpkg.com/mjolnir.js/-/mjolnir.js-2.4.1.tgz#63cc66b7d1a52490904103cc1becc597be60c6cf"
  integrity sha512-bpqKc70aNlijeQCapJ8529EmjVj8VSfYdzh1WsbhWp0XEQSm9hAB6X350OyRVDpH5oTdAyX/NeYFqtwyuO4ZKA==
  dependencies:
    "@babel/runtime" "^7.0.0"
    hammerjs "^2.0.8"

object-assign@^4.1.1:
  version "4.1.1"
  resolved "https://registry.yarnpkg.com/object-assign/-/object-assign-4.1.1.tgz#2109adc7965887cfc05cbbd442cac8bfbb360863"
  integrity sha1-IQmtx5ZYh8/AXLvUQsrIv7s2CGM=

pbf@^3.2.1:
  version "3.2.1"
  resolved "https://registry.yarnpkg.com/pbf/-/pbf-3.2.1.tgz#b4c1b9e72af966cd82c6531691115cc0409ffe2a"
  integrity sha512-ClrV7pNOn7rtmoQVF4TS1vyU0WhYRnP92fzbfF75jAIwpnzdJXf8iTd4CMEqO4yUenH6NDqLiwjqlh6QgZzgLQ==
  dependencies:
    ieee754 "^1.1.12"
    resolve-protobuf-schema "^2.1.0"

probe.gl@^3.2.1:
  version "3.3.0"
  resolved "https://registry.yarnpkg.com/probe.gl/-/probe.gl-3.3.0.tgz#a64e2f007d36a6262b12f3b1e99ca5dc3762b3c3"
  integrity sha512-59E6AEw4N8sU4PKfAl7S2UBYJCOa064WpEFcXfeFOB/36FJtplYY+261DqLjLAvOqRRHiKVEQUBo63PQ3jKeWA==
  dependencies:
    "@babel/runtime" "^7.0.0"
    "@probe.gl/stats" "3.3.0"

prop-types@^15.6.0:
  version "15.7.2"
  resolved "https://registry.yarnpkg.com/prop-types/-/prop-types-15.7.2.tgz#52c41e75b8c87e72b9d9360e0206b99dcbffa6c5"
  integrity sha512-8QQikdH7//R2vurIJSutZ1smHYTcLpRWEOlHnzcWHmBYrOGUysKwSsrC89BCiFj3CbrfJ/nXFdJepOVrY1GCHQ==
  dependencies:
    loose-envify "^1.4.0"
    object-assign "^4.1.1"
    react-is "^16.8.1"

protocol-buffers-schema@^3.3.1:
  version "3.4.0"
  resolved "https://registry.yarnpkg.com/protocol-buffers-schema/-/protocol-buffers-schema-3.4.0.tgz#2f0ea31ca96627d680bf2fefae7ebfa2b6453eae"
  integrity sha512-G/2kcamPF2S49W5yaMGdIpkG6+5wZF0fzBteLKgEHjbNzqjZQ85aAs1iJGto31EJaSTkNvHs5IXuHSaTLWBAiA==

react-is@^16.8.1:
  version "16.13.1"
  resolved "https://registry.yarnpkg.com/react-is/-/react-is-16.13.1.tgz#789729a4dc36de2999dc156dd6c1d9c18cea56a4"
  integrity sha512-24e6ynE2H+OKt4kqsOvNd8kBpV65zoxbA4BVsEOB3ARVWQki/DHzaUoC5KuON/BiccDaCCTZBuOcfZs70kR8bQ==

regenerator-runtime@^0.13.4:
  version "0.13.7"
  resolved "https://registry.yarnpkg.com/regenerator-runtime/-/regenerator-runtime-0.13.7.tgz#cac2dacc8a1ea675feaabaeb8ae833898ae46f55"
  integrity sha512-a54FxoJDIr27pgf7IgeQGxmqUNYrcV338lf/6gH456HZ/PhX+5BcwHXG9ajESmwe6WRO0tAzRUrRmNONWgkrew==

resolve-protobuf-schema@^2.1.0:
  version "2.1.0"
  resolved "https://registry.yarnpkg.com/resolve-protobuf-schema/-/resolve-protobuf-schema-2.1.0.tgz#9ca9a9e69cf192bbdaf1006ec1973948aa4a3758"
  integrity sha512-kI5ffTiZWmJaS/huM8wZfEMer1eRd7oJQhDuxeCLe3t7N7mX3z94CN0xPxBQxFYQTSNz9T0i+v6inKqSdK8xrQ==
  dependencies:
    protocol-buffers-schema "^3.3.1"

rw@1:
  version "1.3.3"
  resolved "https://registry.yarnpkg.com/rw/-/rw-1.3.3.tgz#3f862dfa91ab766b14885ef4d01124bfda074fb4"
  integrity sha1-P4Yt+pGrdmsUiF700BEkv9oHT7Q=

"safer-buffer@>= 2.1.2 < 3":
  version "2.1.2"
  resolved "https://registry.yarnpkg.com/safer-buffer/-/safer-buffer-2.1.2.tgz#44fa161b0187b9549dd84bb91802f9bd8385cd6a"
  integrity sha512-YZo3K82SD7Riyi0E1EQPojLz7kpepnSQI9IyPbHHg1XXXevb5dJI7tpyN2ADxGcQbHG7vcyRHk0cbwqcQriUtg==
